
Microsoft Visual Studio Solution File, Format Version 12.00
# Visual Studio Version 17
VisualStudioVersion = 17.12.35707.178
MinimumVisualStudioVersion = 10.0.40219.1
Project("{FAE04EC0-301F-11D3-BF4B-00C04F79EFBC}") = "SimpleDbViewer", "SimpleDbViewer\SimpleDbViewer.csproj", "{1A6CEFC0-39CD-43B4-8C54-F15289E47F5F}"
EndProject
Project("{FAE04EC0-301F-11D3-BF4B-00C04F79EFBC}") = "SmallDBViewer", "SmallDBViewer\SmallDBViewer.csproj", "{76067C88-BF8F-40C1-ADDA-8B342F4053A1}"
EndProject
Global
	GlobalSection(SolutionConfigurationPlatforms) = preSolution
		Debug|Any CPU = Debug|Any CPU
		Release|Any CPU = Release|Any CPU
	EndGlobalSection
	GlobalSection(ProjectConfigurationPlatforms) = postSolution
		{1A6CEFC0-39CD-43B4-8C54-F15289E47F5F}.Debug|Any CPU.ActiveCfg = Debug|Any CPU
		{1A6CEFC0-39CD-43B4-8C54-F15289E47F5F}.Debug|Any CPU.Build.0 = Debug|Any CPU
		{1A6CEFC0-39CD-43B4-8C54-F15289E47F5F}.Release|Any CPU.ActiveCfg = Release|Any CPU
		{1A6CEFC0-39CD-43B4-8C54-F15289E47F5F}.Release|Any CPU.Build.0 = Release|Any CPU
		{76067C88-BF8F-40C1-ADDA-8B342F4053A1}.Debug|Any CPU.ActiveCfg = Debug|Any CPU
		{76067C88-BF8F-40C1-ADDA-8B342F4053A1}.Debug|Any CPU.Build.0 = Debug|Any CPU
		{76067C88-BF8F-40C1-ADDA-8B342F4053A1}.Release|Any CPU.ActiveCfg = Release|Any CPU
		{76067C88-BF8F-40C1-ADDA-8B342F4053A1}.Release|Any CPU.Build.0 = Release|Any CPU
	EndGlobalSection
	GlobalSection(SolutionProperties) = preSolution
		HideSolutionNode = FALSE
	EndGlobalSection
EndGlobal
